
Microsoft Visual Studio Solution File, Format Version 12.00
# Visual Studio Version 17
VisualStudioVersion = 17.13.35931.197
MinimumVisualStudioVersion = 10.0.40219.1
Project("{FAE04EC0-301F-11D3-BF4B-00C04F79EFBC}") = "Web1", "Web1.csproj", "{F90B4702-D1DB-4741-8396-68AA9F200916}"
EndProject
Global
	GlobalSection(SolutionConfigurationPlatforms) = preSolution
		Debug|Any CPU = Debug|Any CPU
		Release|Any CPU = Release|Any CPU
	EndGlobalSection
	GlobalSection(ProjectConfigurationPlatforms) = postSolution
		{F90B4702-D1DB-4741-8396-68AA9F200916}.Debug|Any CPU.ActiveCfg = Debug|Any CPU
		{F90B4702-D1DB-4741-8396-68AA9F200916}.Debug|Any CPU.Build.0 = Debug|Any CPU
		{F90B4702-D1DB-4741-8396-68AA9F200916}.Release|Any CPU.ActiveCfg = Release|Any CPU
		{F90B4702-D1DB-4741-8396-68AA9F200916}.Release|Any CPU.Build.0 = Release|Any CPU
	EndGlobalSection
	GlobalSection(SolutionProperties) = preSolution
		HideSolutionNode = FALSE
	EndGlobalSection
	GlobalSection(ExtensibilityGlobals) = postSolution
		SolutionGuid = {564FB766-2E33-4E9C-B1B9-54D3EFB33BFE}
	EndGlobalSection
EndGlobal
